{
    "_readme": [
        "This file locks the dependencies of your project to a known state",
        "Read more about it at http://getcomposer.org/doc/01-basic-usage.md#composer-lock-the-lock-file",
        "This file is @generated automatically"
    ],
    "hash": "3a85aae2f44706534d76908966c9edf2",
    "packages": [
        {
            "name": "renereed1/Framework",
            "version": "dev-master",
            "source": {
                "type": "git",
                "url": "https://github.com/renereed1/Framework.git",
                "reference": "6df23cb1087bf1788097dce2aad7453161a7f172"
            },
            "dist": {
                "type": "zip",
                "url": "https://api.github.com/repos/renereed1/Framework/zipball/6df23cb1087bf1788097dce2aad7453161a7f172",
                "reference": "6df23cb1087bf1788097dce2aad7453161a7f172",
                "shasum": ""
            },
            "require-dev": {
                "phpunit/phpunit": "4.3.*"
            },
            "type": "library",
            "autoload": {
                "psr-0": {
                    "Salestream\\Framework": "src"
                }
            },
            "authors": [
                {
                    "name": "Ricky Reed",
                    "email": "renereed1@gmail.com"
                }
            ],
            "support": {
                "source": "https://github.com/renereed1/Framework/tree/master",
                "issues": "https://github.com/renereed1/Framework/issues"
            },
            "time": "2014-11-15 01:13:33"
        }
    ],
    "packages-dev": [],
    "aliases": [],
    "minimum-stability": "stable",
    "stability-flags": {
        "renereed1/framework": 20
    },
    "prefer-stable": false,
    "platform": [],
    "platform-dev": []
}
